// !$*UTF8*$!
{
	archiveVersion = 1;
	classes = {
	};
	objectVersion = 50;
	objects = {

/* Begin PBXBuildFile section */
		3B00233F22999913008B31B8 /* LQCacheViewController.m in Sources */ = {isa = PBXBuildFile; fileRef = 3B00233E22999913008B31B8 /* LQCacheViewController.m */; };
		3B00234222999920008B31B8 /* LQCache.m in Sources */ = {isa = PBXBuildFile; fileRef = 3B00234122999920008B31B8 /* LQCache.m */; };
		3B00234522999A4F008B31B8 /* LQMemoryCache.m in Sources */ = {isa = PBXBuildFile; fileRef = 3B00234422999A4F008B31B8 /* LQMemoryCache.m */; };
		3B236C792252664E0047D351 /* LQNotification.m in Sources */ = {isa = PBXBuildFile; fileRef = 3B236C782252664E0047D351 /* LQNotification.m */; };
		3B3902C122585371005F6DE9 /* LQTestNotificationViewController.m in Sources */ = {isa = PBXBuildFile; fileRef = 3B3902C022585371005F6DE9 /* LQTestNotificationViewController.m */; };
		3B3902C522586982005F6DE9 /* NSObject+LQModel.m in Sources */ = {isa = PBXBuildFile; fileRef = 3B3902C422586982005F6DE9 /* NSObject+LQModel.m */; };
		3B3902C722588AB3005F6DE9 /* LQNotificationCenterTests.m in Sources */ = {isa = PBXBuildFile; fileRef = 3B3902C622588AB3005F6DE9 /* LQNotificationCenterTests.m */; };
		3B3902C922588B84005F6DE9 /* LQModelTests.m in Sources */ = {isa = PBXBuildFile; fileRef = 3B3902C822588B84005F6DE9 /* LQModelTests.m */; };
		3B3902CC2258AF89005F6DE9 /* LQClassInfo.m in Sources */ = {isa = PBXBuildFile; fileRef = 3B3902CB2258AF89005F6DE9 /* LQClassInfo.m */; };
		3B3902CF2259EA71005F6DE9 /* LQModelMeta.m in Sources */ = {isa = PBXBuildFile; fileRef = 3B3902CE2259EA71005F6DE9 /* LQModelMeta.m */; };
		3B3902D522619D2C005F6DE9 /* LQTestModelViewController.m in Sources */ = {isa = PBXBuildFile; fileRef = 3B3902D422619D2C005F6DE9 /* LQTestModelViewController.m */; };
		3B3902DB2262277F005F6DE9 /* NSObject+LQKeyValueObserving.m in Sources */ = {isa = PBXBuildFile; fileRef = 3B3902DA2262277F005F6DE9 /* NSObject+LQKeyValueObserving.m */; };
		3B3902DE22630472005F6DE9 /* LQTestKVOViewController.m in Sources */ = {isa = PBXBuildFile; fileRef = 3B3902DD22630472005F6DE9 /* LQTestKVOViewController.m */; };
		3B3902E22263055C005F6DE9 /* LQTestModel.m in Sources */ = {isa = PBXBuildFile; fileRef = 3B3902E12263055C005F6DE9 /* LQTestModel.m */; };
		3B3902E422634112005F6DE9 /* LQKVOTests.m in Sources */ = {isa = PBXBuildFile; fileRef = 3B3902E322634112005F6DE9 /* LQKVOTests.m */; };
		3B3902E72264C3B5005F6DE9 /* LQKeyValueObserveInfo.m in Sources */ = {isa = PBXBuildFile; fileRef = 3B3902E62264C3B5005F6DE9 /* LQKeyValueObserveInfo.m */; };
		3B3902EA226609FE005F6DE9 /* LQTestUtil.m in Sources */ = {isa = PBXBuildFile; fileRef = 3B3902E9226609FE005F6DE9 /* LQTestUtil.m */; };
		3B3902EF226AF3F4005F6DE9 /* LQAssociatedObjectTest.m in Sources */ = {isa = PBXBuildFile; fileRef = 3B3902EE226AF3F4005F6DE9 /* LQAssociatedObjectTest.m */; };
		3B3902F2226B270D005F6DE9 /* LQRuntimeTests.m in Sources */ = {isa = PBXBuildFile; fileRef = 3B3902F1226B270D005F6DE9 /* LQRuntimeTests.m */; };
		3B3902F5226E022D005F6DE9 /* LQAspects.m in Sources */ = {isa = PBXBuildFile; fileRef = 3B3902F4226E022D005F6DE9 /* LQAspects.m */; };
		3B3902F8227406D1005F6DE9 /* LQAspectInfo.m in Sources */ = {isa = PBXBuildFile; fileRef = 3B3902F7227406D1005F6DE9 /* LQAspectInfo.m */; };
		3B5BD3482279CDFF00210DC0 /* LQBlockViewController.m in Sources */ = {isa = PBXBuildFile; fileRef = 3B5BD3472279CDFF00210DC0 /* LQBlockViewController.m */; };
		3BA58294229437AD00FD1D39 /* LQLabel.m in Sources */ = {isa = PBXBuildFile; fileRef = 3BA58293229437AD00FD1D39 /* LQLabel.m */; };
		3BA58297229437C800FD1D39 /* LQTextViewController.m in Sources */ = {isa = PBXBuildFile; fileRef = 3BA58296229437C800FD1D39 /* LQTextViewController.m */; };
		3BF580CA224BB974002072AF /* AppDelegate.m in Sources */ = {isa = PBXBuildFile; fileRef = 3BF580C9224BB974002072AF /* AppDelegate.m */; };
		3BF580CD224BB974002072AF /* ViewController.m in Sources */ = {isa = PBXBuildFile; fileRef = 3BF580CC224BB974002072AF /* ViewController.m */; };
		3BF580D0224BB974002072AF /* Main.storyboard in Resources */ = {isa = PBXBuildFile; fileRef = 3BF580CE224BB974002072AF /* Main.storyboard */; };
		3BF580D2224BB975002072AF /* Assets.xcassets in Resources */ = {isa = PBXBuildFile; fileRef = 3BF580D1224BB975002072AF /* Assets.xcassets */; };
		3BF580D5224BB975002072AF /* LaunchScreen.storyboard in Resources */ = {isa = PBXBuildFile; fileRef = 3BF580D3224BB975002072AF /* LaunchScreen.storyboard */; };
		3BF580D8224BB975002072AF /* main.m in Sources */ = {isa = PBXBuildFile; fileRef = 3BF580D7224BB975002072AF /* main.m */; };
		3BF580E2224BB975002072AF /* LQOCFoundationTests.m in Sources */ = {isa = PBXBuildFile; fileRef = 3BF580E1224BB975002072AF /* LQOCFoundationTests.m */; };
		3BF580F1224BB996002072AF /* LQObservation.m in Sources */ = {isa = PBXBuildFile; fileRef = 3BF580ED224BB996002072AF /* LQObservation.m */; };
		3BF580F2224BB996002072AF /* LQNotificationCenter.m in Sources */ = {isa = PBXBuildFile; fileRef = 3BF580F0224BB996002072AF /* LQNotificationCenter.m */; };
/* End PBXBuildFile section */

/* Begin PBXContainerItemProxy section */
		3BF580DE224BB975002072AF /* PBXContainerItemProxy */ = {
			isa = PBXContainerItemProxy;
			containerPortal = 3BF580BD224BB974002072AF /* Project object */;
			proxyType = 1;
			remoteGlobalIDString = 3BF580C4224BB974002072AF;
			remoteInfo = LQOCFoundation;
		};
/* End PBXContainerItemProxy section */

/* Begin PBXFileReference section */
		3B00233D22999913008B31B8 /* LQCacheViewController.h */ = {isa = PBXFileReference; lastKnownFileType = sourcecode.c.h; path = LQCacheViewController.h; sourceTree = "<group>"; };
		3B00233E22999913008B31B8 /* LQCacheViewController.m */ = {isa = PBXFileReference; lastKnownFileType = sourcecode.c.objc; path = LQCacheViewController.m; sourceTree = "<group>"; };
		3B00234022999920008B31B8 /* LQCache.h */ = {isa = PBXFileReference; lastKnownFileType = sourcecode.c.h; path = LQCache.h; sourceTree = "<group>"; };
		3B00234122999920008B31B8 /* LQCache.m */ = {isa = PBXFileReference; lastKnownFileType = sourcecode.c.objc; path = LQCache.m; sourceTree = "<group>"; };
		3B00234322999A4F008B31B8 /* LQMemoryCache.h */ = {isa = PBXFileReference; lastKnownFileType = sourcecode.c.h; path = LQMemoryCache.h; sourceTree = "<group>"; };
		3B00234422999A4F008B31B8 /* LQMemoryCache.m */ = {isa = PBXFileReference; lastKnownFileType = sourcecode.c.objc; path = LQMemoryCache.m; sourceTree = "<group>"; };
		3B236C772252664E0047D351 /* LQNotification.h */ = {isa = PBXFileReference; lastKnownFileType = sourcecode.c.h; path = LQNotification.h; sourceTree = "<group>"; };
		3B236C782252664E0047D351 /* LQNotification.m */ = {isa = PBXFileReference; lastKnownFileType = sourcecode.c.objc; path = LQNotification.m; sourceTree = "<group>"; };
		3B3902BF22585371005F6DE9 /* LQTestNotificationViewController.h */ = {isa = PBXFileReference; lastKnownFileType = sourcecode.c.h; path = LQTestNotificationViewController.h; sourceTree = "<group>"; };
		3B3902C022585371005F6DE9 /* LQTestNotificationViewController.m */ = {isa = PBXFileReference; lastKnownFileType = sourcecode.c.objc; path = LQTestNotificationViewController.m; sourceTree = "<group>"; };
		3B3902C322586982005F6DE9 /* NSObject+LQModel.h */ = {isa = PBXFileReference; lastKnownFileType = sourcecode.c.h; path = "NSObject+LQModel.h"; sourceTree = "<group>"; };
		3B3902C422586982005F6DE9 /* NSObject+LQModel.m */ = {isa = PBXFileReference; lastKnownFileType = sourcecode.c.objc; path = "NSObject+LQModel.m"; sourceTree = "<group>"; };
		3B3902C622588AB3005F6DE9 /* LQNotificationCenterTests.m */ = {isa = PBXFileReference; lastKnownFileType = sourcecode.c.objc; path = LQNotificationCenterTests.m; sourceTree = "<group>"; };
		3B3902C822588B84005F6DE9 /* LQModelTests.m */ = {isa = PBXFileReference; lastKnownFileType = sourcecode.c.objc; path = LQModelTests.m; sourceTree = "<group>"; };
		3B3902CA2258AF89005F6DE9 /* LQClassInfo.h */ = {isa = PBXFileReference; lastKnownFileType = sourcecode.c.h; path = LQClassInfo.h; sourceTree = "<group>"; };
		3B3902CB2258AF89005F6DE9 /* LQClassInfo.m */ = {isa = PBXFileReference; lastKnownFileType = sourcecode.c.objc; path = LQClassInfo.m; sourceTree = "<group>"; };
		3B3902CD2259EA71005F6DE9 /* LQModelMeta.h */ = {isa = PBXFileReference; lastKnownFileType = sourcecode.c.h; path = LQModelMeta.h; sourceTree = "<group>"; };
		3B3902CE2259EA71005F6DE9 /* LQModelMeta.m */ = {isa = PBXFileReference; lastKnownFileType = sourcecode.c.objc; path = LQModelMeta.m; sourceTree = "<group>"; };
		3B3902D02259ECDB005F6DE9 /* LQModel.h */ = {isa = PBXFileReference; lastKnownFileType = sourcecode.c.h; path = LQModel.h; sourceTree = "<group>"; };
		3B3902D322619D2C005F6DE9 /* LQTestModelViewController.h */ = {isa = PBXFileReference; lastKnownFileType = sourcecode.c.h; path = LQTestModelViewController.h; sourceTree = "<group>"; };
		3B3902D422619D2C005F6DE9 /* LQTestModelViewController.m */ = {isa = PBXFileReference; lastKnownFileType = sourcecode.c.objc; path = LQTestModelViewController.m; sourceTree = "<group>"; };
		3B3902D92262277F005F6DE9 /* NSObject+LQKeyValueObserving.h */ = {isa = PBXFileReference; lastKnownFileType = sourcecode.c.h; path = "NSObject+LQKeyValueObserving.h"; sourceTree = "<group>"; };
		3B3902DA2262277F005F6DE9 /* NSObject+LQKeyValueObserving.m */ = {isa = PBXFileReference; lastKnownFileType = sourcecode.c.objc; path = "NSObject+LQKeyValueObserving.m"; sourceTree = "<group>"; };
		3B3902DC22630472005F6DE9 /* LQTestKVOViewController.h */ = {isa = PBXFileReference; lastKnownFileType = sourcecode.c.h; path = LQTestKVOViewController.h; sourceTree = "<group>"; };
		3B3902DD22630472005F6DE9 /* LQTestKVOViewController.m */ = {isa = PBXFileReference; lastKnownFileType = sourcecode.c.objc; path = LQTestKVOViewController.m; sourceTree = "<group>"; };
		3B3902E02263055C005F6DE9 /* LQTestModel.h */ = {isa = PBXFileReference; lastKnownFileType = sourcecode.c.h; path = LQTestModel.h; sourceTree = "<group>"; };
		3B3902E12263055C005F6DE9 /* LQTestModel.m */ = {isa = PBXFileReference; lastKnownFileType = sourcecode.c.objc; path = LQTestModel.m; sourceTree = "<group>"; };
		3B3902E322634112005F6DE9 /* LQKVOTests.m */ = {isa = PBXFileReference; lastKnownFileType = sourcecode.c.objc; path = LQKVOTests.m; sourceTree = "<group>"; };
		3B3902E52264C3B5005F6DE9 /* LQKeyValueObserveInfo.h */ = {isa = PBXFileReference; lastKnownFileType = sourcecode.c.h; path = LQKeyValueObserveInfo.h; sourceTree = "<group>"; };
		3B3902E62264C3B5005F6DE9 /* LQKeyValueObserveInfo.m */ = {isa = PBXFileReference; lastKnownFileType = sourcecode.c.objc; path = LQKeyValueObserveInfo.m; sourceTree = "<group>"; };
		3B3902E8226609FE005F6DE9 /* LQTestUtil.h */ = {isa = PBXFileReference; lastKnownFileType = sourcecode.c.h; path = LQTestUtil.h; sourceTree = "<group>"; };
		3B3902E9226609FE005F6DE9 /* LQTestUtil.m */ = {isa = PBXFileReference; lastKnownFileType = sourcecode.c.objc; path = LQTestUtil.m; sourceTree = "<group>"; };
		3B3902EE226AF3F4005F6DE9 /* LQAssociatedObjectTest.m */ = {isa = PBXFileReference; lastKnownFileType = sourcecode.c.objc; path = LQAssociatedObjectTest.m; sourceTree = "<group>"; };
		3B3902F0226AFD84005F6DE9 /* LQUnitTestUtil.h */ = {isa = PBXFileReference; lastKnownFileType = sourcecode.c.h; path = LQUnitTestUtil.h; sourceTree = "<group>"; };
		3B3902F1226B270D005F6DE9 /* LQRuntimeTests.m */ = {isa = PBXFileReference; lastKnownFileType = sourcecode.c.objc; path = LQRuntimeTests.m; sourceTree = "<group>"; };
		3B3902F3226E022D005F6DE9 /* LQAspects.h */ = {isa = PBXFileReference; lastKnownFileType = sourcecode.c.h; path = LQAspects.h; sourceTree = "<group>"; };
		3B3902F4226E022D005F6DE9 /* LQAspects.m */ = {isa = PBXFileReference; lastKnownFileType = sourcecode.c.objc; path = LQAspects.m; sourceTree = "<group>"; };
		3B3902F6227406D1005F6DE9 /* LQAspectInfo.h */ = {isa = PBXFileReference; lastKnownFileType = sourcecode.c.h; path = LQAspectInfo.h; sourceTree = "<group>"; };
		3B3902F7227406D1005F6DE9 /* LQAspectInfo.m */ = {isa = PBXFileReference; lastKnownFileType = sourcecode.c.objc; path = LQAspectInfo.m; sourceTree = "<group>"; };
		3B5BD3462279CDFF00210DC0 /* LQBlockViewController.h */ = {isa = PBXFileReference; lastKnownFileType = sourcecode.c.h; path = LQBlockViewController.h; sourceTree = "<group>"; };
		3B5BD3472279CDFF00210DC0 /* LQBlockViewController.m */ = {isa = PBXFileReference; lastKnownFileType = sourcecode.c.objc; path = LQBlockViewController.m; sourceTree = "<group>"; };
		3BA58292229437AD00FD1D39 /* LQLabel.h */ = {isa = PBXFileReference; lastKnownFileType = sourcecode.c.h; path = LQLabel.h; sourceTree = "<group>"; };
		3BA58293229437AD00FD1D39 /* LQLabel.m */ = {isa = PBXFileReference; lastKnownFileType = sourcecode.c.objc; path = LQLabel.m; sourceTree = "<group>"; };
		3BA58295229437C800FD1D39 /* LQTextViewController.h */ = {isa = PBXFileReference; lastKnownFileType = sourcecode.c.h; path = LQTextViewController.h; sourceTree = "<group>"; };
		3BA58296229437C800FD1D39 /* LQTextViewController.m */ = {isa = PBXFileReference; lastKnownFileType = sourcecode.c.objc; path = LQTextViewController.m; sourceTree = "<group>"; };
		3BF580C5224BB974002072AF /* LQOCFoundation.app */ = {isa = PBXFileReference; explicitFileType = wrapper.application; includeInIndex = 0; path = LQOCFoundation.app; sourceTree = BUILT_PRODUCTS_DIR; };
		3BF580C8224BB974002072AF /* AppDelegate.h */ = {isa = PBXFileReference; lastKnownFileType = sourcecode.c.h; path = AppDelegate.h; sourceTree = "<group>"; };
		3BF580C9224BB974002072AF /* AppDelegate.m */ = {isa = PBXFileReference; lastKnownFileType = sourcecode.c.objc; path = AppDelegate.m; sourceTree = "<group>"; };
		3BF580CB224BB974002072AF /* ViewController.h */ = {isa = PBXFileReference; lastKnownFileType = sourcecode.c.h; path = ViewController.h; sourceTree = "<group>"; };
		3BF580CC224BB974002072AF /* ViewController.m */ = {isa = PBXFileReference; lastKnownFileType = sourcecode.c.objc; path = ViewController.m; sourceTree = "<group>"; };
		3BF580CF224BB974002072AF /* Base */ = {isa = PBXFileReference; lastKnownFileType = file.storyboard; name = Base; path = Base.lproj/Main.storyboard; sourceTree = "<group>"; };
		3BF580D1224BB975002072AF /* Assets.xcassets */ = {isa = PBXFileReference; lastKnownFileType = folder.assetcatalog; path = Assets.xcassets; sourceTree = "<group>"; };
		3BF580D4224BB975002072AF /* Base */ = {isa = PBXFileReference; lastKnownFileType = file.storyboard; name = Base; path = Base.lproj/LaunchScreen.storyboard; sourceTree = "<group>"; };
		3BF580D6224BB975002072AF /* Info.plist */ = {isa = PBXFileReference; lastKnownFileType = text.plist.xml; path = Info.plist; sourceTree = "<group>"; };
		3BF580D7224BB975002072AF /* main.m */ = {isa = PBXFileReference; lastKnownFileType = sourcecode.c.objc; path = main.m; sourceTree = "<group>"; };
		3BF580DD224BB975002072AF /* LQOCFoundationTests.xctest */ = {isa = PBXFileReference; explicitFileType = wrapper.cfbundle; includeInIndex = 0; path = LQOCFoundationTests.xctest; sourceTree = BUILT_PRODUCTS_DIR; };
		3BF580E1224BB975002072AF /* LQOCFoundationTests.m */ = {isa = PBXFileReference; lastKnownFileType = sourcecode.c.objc; path = LQOCFoundationTests.m; sourceTree = "<group>"; };
		3BF580E3224BB975002072AF /* Info.plist */ = {isa = PBXFileReference; lastKnownFileType = text.plist.xml; path = Info.plist; sourceTree = "<group>"; };
		3BF580ED224BB996002072AF /* LQObservation.m */ = {isa = PBXFileReference; fileEncoding = 4; lastKnownFileType = sourcecode.c.objc; path = LQObservation.m; sourceTree = "<group>"; };
		3BF580EE224BB996002072AF /* LQNotificationCenter.h */ = {isa = PBXFileReference; fileEncoding = 4; lastKnownFileType = sourcecode.c.h; path = LQNotificationCenter.h; sourceTree = "<group>"; };
		3BF580EF224BB996002072AF /* LQObservation.h */ = {isa = PBXFileReference; fileEncoding = 4; lastKnownFileType = sourcecode.c.h; path = LQObservation.h; sourceTree = "<group>"; };
		3BF580F0224BB996002072AF /* LQNotificationCenter.m */ = {isa = PBXFileReference; fileEncoding = 4; lastKnownFileType = sourcecode.c.objc; path = LQNotificationCenter.m; sourceTree = "<group>"; };
/* End PBXFileReference section */

/* Begin PBXFrameworksBuildPhase section */
		3BF580C2224BB974002072AF /* Frameworks */ = {
			isa = PBXFrameworksBuildPhase;
			buildActionMask = 2147483647;
			files = (
			);
			runOnlyForDeploymentPostprocessing = 0;
		};
		3BF580DA224BB975002072AF /* Frameworks */ = {
			isa = PBXFrameworksBuildPhase;
			buildActionMask = 2147483647;
			files = (
			);
			runOnlyForDeploymentPostprocessing = 0;
		};
/* End PBXFrameworksBuildPhase section */

/* Begin PBXGroup section */
		3B00233422993E5E008B31B8 /* Cache */ = {
			isa = PBXGroup;
			children = (
				3B00233D22999913008B31B8 /* LQCacheViewController.h */,
				3B00233E22999913008B31B8 /* LQCacheViewController.m */,
				3B00234022999920008B31B8 /* LQCache.h */,
				3B00234122999920008B31B8 /* LQCache.m */,
				3B00234322999A4F008B31B8 /* LQMemoryCache.h */,
				3B00234422999A4F008B31B8 /* LQMemoryCache.m */,
			);
			path = Cache;
			sourceTree = "<group>";
		};
		3B3902C222586750005F6DE9 /* LQModel */ = {
			isa = PBXGroup;
			children = (
				3B3902C322586982005F6DE9 /* NSObject+LQModel.h */,
				3B3902C422586982005F6DE9 /* NSObject+LQModel.m */,
				3B3902CA2258AF89005F6DE9 /* LQClassInfo.h */,
				3B3902CB2258AF89005F6DE9 /* LQClassInfo.m */,
				3B3902CD2259EA71005F6DE9 /* LQModelMeta.h */,
				3B3902CE2259EA71005F6DE9 /* LQModelMeta.m */,
				3B3902D02259ECDB005F6DE9 /* LQModel.h */,
				3B3902D322619D2C005F6DE9 /* LQTestModelViewController.h */,
				3B3902D422619D2C005F6DE9 /* LQTestModelViewController.m */,
			);
			path = LQModel;
			sourceTree = "<group>";
		};
		3B3902D82261EDC9005F6DE9 /* KVO */ = {
			isa = PBXGroup;
			children = (
				3B3902D92262277F005F6DE9 /* NSObject+LQKeyValueObserving.h */,
				3B3902DA2262277F005F6DE9 /* NSObject+LQKeyValueObserving.m */,
				3B3902DC22630472005F6DE9 /* LQTestKVOViewController.h */,
				3B3902DD22630472005F6DE9 /* LQTestKVOViewController.m */,
				3B3902E52264C3B5005F6DE9 /* LQKeyValueObserveInfo.h */,
				3B3902E62264C3B5005F6DE9 /* LQKeyValueObserveInfo.m */,
			);
			path = KVO;
			sourceTree = "<group>";
		};
		3B3902DF22630526005F6DE9 /* TestDemo */ = {
			isa = PBXGroup;
			children = (
				3B3902E02263055C005F6DE9 /* LQTestModel.h */,
				3B3902E12263055C005F6DE9 /* LQTestModel.m */,
				3B3902E8226609FE005F6DE9 /* LQTestUtil.h */,
				3B3902E9226609FE005F6DE9 /* LQTestUtil.m */,
			);
			path = TestDemo;
			sourceTree = "<group>";
		};
		3B3902ED226616B0005F6DE9 /* Aspects */ = {
			isa = PBXGroup;
			children = (
				3B3902F3226E022D005F6DE9 /* LQAspects.h */,
				3B3902F4226E022D005F6DE9 /* LQAspects.m */,
				3B3902F6227406D1005F6DE9 /* LQAspectInfo.h */,
				3B3902F7227406D1005F6DE9 /* LQAspectInfo.m */,
			);
			path = Aspects;
			sourceTree = "<group>";
		};
		3B5BD3452279CDDC00210DC0 /* Block */ = {
			isa = PBXGroup;
			children = (
				3B5BD3462279CDFF00210DC0 /* LQBlockViewController.h */,
				3B5BD3472279CDFF00210DC0 /* LQBlockViewController.m */,
			);
			path = Block;
			sourceTree = "<group>";
		};
		3BA582912294379600FD1D39 /* TextKit */ = {
			isa = PBXGroup;
			children = (
				3BA58292229437AD00FD1D39 /* LQLabel.h */,
				3BA58293229437AD00FD1D39 /* LQLabel.m */,
				3BA58295229437C800FD1D39 /* LQTextViewController.h */,
				3BA58296229437C800FD1D39 /* LQTextViewController.m */,
			);
			path = TextKit;
			sourceTree = "<group>";
		};
		3BF580BC224BB974002072AF = {
			isa = PBXGroup;
			children = (
				3BF580C7224BB974002072AF /* LQOCFoundation */,
				3BF580E0224BB975002072AF /* LQOCFoundationTests */,
				3BF580C6224BB974002072AF /* Products */,
			);
			sourceTree = "<group>";
		};
		3BF580C6224BB974002072AF /* Products */ = {
			isa = PBXGroup;
			children = (
				3BF580C5224BB974002072AF /* LQOCFoundation.app */,
				3BF580DD224BB975002072AF /* LQOCFoundationTests.xctest */,
			);
			name = Products;
			sourceTree = "<group>";
		};
		3BF580C7224BB974002072AF /* LQOCFoundation */ = {
			isa = PBXGroup;
			children = (
				3B00233422993E5E008B31B8 /* Cache */,
				3BA582912294379600FD1D39 /* TextKit */,
				3B5BD3452279CDDC00210DC0 /* Block */,
				3B3902ED226616B0005F6DE9 /* Aspects */,
				3B3902DF22630526005F6DE9 /* TestDemo */,
				3B3902D82261EDC9005F6DE9 /* KVO */,
				3B3902C222586750005F6DE9 /* LQModel */,
				3BF580EC224BB996002072AF /* NotificationCenter */,
				3BF580C8224BB974002072AF /* AppDelegate.h */,
				3BF580C9224BB974002072AF /* AppDelegate.m */,
				3BF580CB224BB974002072AF /* ViewController.h */,
				3BF580CC224BB974002072AF /* ViewController.m */,
				3BF580CE224BB974002072AF /* Main.storyboard */,
				3BF580D1224BB975002072AF /* Assets.xcassets */,
				3BF580D3224BB975002072AF /* LaunchScreen.storyboard */,
				3BF580D6224BB975002072AF /* Info.plist */,
				3BF580D7224BB975002072AF /* main.m */,
			);
			path = LQOCFoundation;
			sourceTree = "<group>";
		};
		3BF580E0224BB975002072AF /* LQOCFoundationTests */ = {
			isa = PBXGroup;
			children = (
				3BF580E1224BB975002072AF /* LQOCFoundationTests.m */,
				3BF580E3224BB975002072AF /* Info.plist */,
				3B3902C622588AB3005F6DE9 /* LQNotificationCenterTests.m */,
				3B3902C822588B84005F6DE9 /* LQModelTests.m */,
				3B3902E322634112005F6DE9 /* LQKVOTests.m */,
				3B3902EE226AF3F4005F6DE9 /* LQAssociatedObjectTest.m */,
				3B3902F0226AFD84005F6DE9 /* LQUnitTestUtil.h */,
				3B3902F1226B270D005F6DE9 /* LQRuntimeTests.m */,
			);
			path = LQOCFoundationTests;
			sourceTree = "<group>";
		};
		3BF580EC224BB996002072AF /* NotificationCenter */ = {
			isa = PBXGroup;
			children = (
				3B236C772252664E0047D351 /* LQNotification.h */,
				3B236C782252664E0047D351 /* LQNotification.m */,
				3BF580EF224BB996002072AF /* LQObservation.h */,
				3BF580ED224BB996002072AF /* LQObservation.m */,
				3BF580EE224BB996002072AF /* LQNotificationCenter.h */,
				3BF580F0224BB996002072AF /* LQNotificationCenter.m */,
				3B3902BF22585371005F6DE9 /* LQTestNotificationViewController.h */,
				3B3902C022585371005F6DE9 /* LQTestNotificationViewController.m */,
			);
			path = NotificationCenter;
			sourceTree = "<group>";
		};
/* End PBXGroup section */

/* Begin PBXNativeTarget section */
		3BF580C4224BB974002072AF /* LQOCFoundation */ = {
			isa = PBXNativeTarget;
			buildConfigurationList = 3BF580E6224BB975002072AF /* Build configuration list for PBXNativeTarget "LQOCFoundation" */;
			buildPhases = (
				3BF580C1224BB974002072AF /* Sources */,
				3BF580C2224BB974002072AF /* Frameworks */,
				3BF580C3224BB974002072AF /* Resources */,
			);
			buildRules = (
			);
			dependencies = (
			);
			name = LQOCFoundation;
			productName = LQOCFoundation;
			productReference = 3BF580C5224BB974002072AF /* LQOCFoundation.app */;
			productType = "com.apple.product-type.application";
		};
		3BF580DC224BB975002072AF /* LQOCFoundationTests */ = {
			isa = PBXNativeTarget;
			buildConfigurationList = 3BF580E9224BB975002072AF /* Build configuration list for PBXNativeTarget "LQOCFoundationTests" */;
			buildPhases = (
				3BF580D9224BB975002072AF /* Sources */,
				3BF580DA224BB975002072AF /* Frameworks */,
				3BF580DB224BB975002072AF /* Resources */,
			);
			buildRules = (
			);
			dependencies = (
				3BF580DF224BB975002072AF /* PBXTargetDependency */,
			);
			name = LQOCFoundationTests;
			productName = LQOCFoundationTests;
			productReference = 3BF580DD224BB975002072AF /* LQOCFoundationTests.xctest */;
			productType = "com.apple.product-type.bundle.unit-test";
		};
/* End PBXNativeTarget section */

/* Begin PBXProject section */
		3BF580BD224BB974002072AF /* Project object */ = {
			isa = PBXProject;
			attributes = {
				LastUpgradeCheck = 1010;
				ORGANIZATIONNAME = LQ;
				TargetAttributes = {
					3BF580C4224BB974002072AF = {
						CreatedOnToolsVersion = 10.1;
						LastSwiftMigration = 1020;
					};
					3BF580DC224BB975002072AF = {
						CreatedOnToolsVersion = 10.1;
						TestTargetID = 3BF580C4224BB974002072AF;
					};
				};
			};
			buildConfigurationList = 3BF580C0224BB974002072AF /* Build configuration list for PBXProject "LQOCFoundation" */;
			compatibilityVersion = "Xcode 9.3";
			developmentRegion = en;
			hasScannedForEncodings = 0;
			knownRegions = (
				en,
				Base,
			);
			mainGroup = 3BF580BC224BB974002072AF;
			productRefGroup = 3BF580C6224BB974002072AF /* Products */;
			projectDirPath = "";
			projectRoot = "";
			targets = (
				3BF580C4224BB974002072AF /* LQOCFoundation */,
				3BF580DC224BB975002072AF /* LQOCFoundationTests */,
			);
		};
/* End PBXProject section */

/* Begin PBXResourcesBuildPhase section */
		3BF580C3224BB974002072AF /* Resources */ = {
			isa = PBXResourcesBuildPhase;
			buildActionMask = 2147483647;
			files = (
				3BF580D5224BB975002072AF /* LaunchScreen.storyboard in Resources */,
				3BF580D2224BB975002072AF /* Assets.xcassets in Resources */,
				3BF580D0224BB974002072AF /* Main.storyboard in Resources */,
			);
			runOnlyForDeploymentPostprocessing = 0;
		};
		3BF580DB224BB975002072AF /* Resources */ = {
			isa = PBXResourcesBuildPhase;
			buildActionMask = 2147483647;
			files = (
			);
			runOnlyForDeploymentPostprocessing = 0;
		};
/* End PBXResourcesBuildPhase section */

/* Begin PBXSourcesBuildPhase section */
		3BF580C1224BB974002072AF /* Sources */ = {
			isa = PBXSourcesBuildPhase;
			buildActionMask = 2147483647;
			files = (
				3B3902F5226E022D005F6DE9 /* LQAspects.m in Sources */,
				3B3902E22263055C005F6DE9 /* LQTestModel.m in Sources */,
				3B00233F22999913008B31B8 /* LQCacheViewController.m in Sources */,
				3B3902E72264C3B5005F6DE9 /* LQKeyValueObserveInfo.m in Sources */,
				3B3902EA226609FE005F6DE9 /* LQTestUtil.m in Sources */,
				3BF580CD224BB974002072AF /* ViewController.m in Sources */,
				3B3902C122585371005F6DE9 /* LQTestNotificationViewController.m in Sources */,
				3B3902F8227406D1005F6DE9 /* LQAspectInfo.m in Sources */,
				3B5BD3482279CDFF00210DC0 /* LQBlockViewController.m in Sources */,
				3B3902DB2262277F005F6DE9 /* NSObject+LQKeyValueObserving.m in Sources */,
				3BA58294229437AD00FD1D39 /* LQLabel.m in Sources */,
				3B236C792252664E0047D351 /* LQNotification.m in Sources */,
				3B3902DE22630472005F6DE9 /* LQTestKVOViewController.m in Sources */,
				3B3902D522619D2C005F6DE9 /* LQTestModelViewController.m in Sources */,
				3B3902CF2259EA71005F6DE9 /* LQModelMeta.m in Sources */,
				3BF580F2224BB996002072AF /* LQNotificationCenter.m in Sources */,
				3BF580D8224BB975002072AF /* main.m in Sources */,
				3BF580CA224BB974002072AF /* AppDelegate.m in Sources */,
				3B3902CC2258AF89005F6DE9 /* LQClassInfo.m in Sources */,
				3B00234222999920008B31B8 /* LQCache.m in Sources */,
				3B00234522999A4F008B31B8 /* LQMemoryCache.m in Sources */,
				3B3902C522586982005F6DE9 /* NSObject+LQModel.m in Sources */,
				3BA58297229437C800FD1D39 /* LQTextViewController.m in Sources */,
				3BF580F1224BB996002072AF /* LQObservation.m in Sources */,
			);
			runOnlyForDeploymentPostprocessing = 0;
		};
		3BF580D9224BB975002072AF /* Sources */ = {
			isa = PBXSourcesBuildPhase;
			buildActionMask = 2147483647;
			files = (
				3B3902C922588B84005F6DE9 /* LQModelTests.m in Sources */,
				3B3902F2226B270D005F6DE9 /* LQRuntimeTests.m in Sources */,
				3B3902C722588AB3005F6DE9 /* LQNotificationCenterTests.m in Sources */,
				3B3902EF226AF3F4005F6DE9 /* LQAssociatedObjectTest.m in Sources */,
				3BF580E2224BB975002072AF /* LQOCFoundationTests.m in Sources */,
				3B3902E422634112005F6DE9 /* LQKVOTests.m in Sources */,
			);
			runOnlyForDeploymentPostprocessing = 0;
		};
/* End PBXSourcesBuildPhase section */

/* Begin PBXTargetDependency section */
		3BF580DF224BB975002072AF /* PBXTargetDependency */ = {
			isa = PBXTargetDependency;
			target = 3BF580C4224BB974002072AF /* LQOCFoundation */;
			targetProxy = 3BF580DE224BB975002072AF /* PBXContainerItemProxy */;
		};
/* End PBXTargetDependency section */

/* Begin PBXVariantGroup section */
		3BF580CE224BB974002072AF /* Main.storyboard */ = {
			isa = PBXVariantGroup;
			children = (
				3BF580CF224BB974002072AF /* Base */,
			);
			name = Main.storyboard;
			sourceTree = "<group>";
		};
		3BF580D3224BB975002072AF /* LaunchScreen.storyboard */ = {
			isa = PBXVariantGroup;
			children = (
				3BF580D4224BB975002072AF /* Base */,
			);
			name = LaunchScreen.storyboard;
			sourceTree = "<group>";
		};
/* End PBXVariantGroup section */

/* Begin XCBuildConfiguration section */
		3BF580E4224BB975002072AF /* Debug */ = {
			isa = XCBuildConfiguration;
			buildSettings = {
				ALWAYS_SEARCH_USER_PATHS = NO;
				CLANG_ANALYZER_NONNULL = YES;
				CLANG_ANALYZER_NUMBER_OBJECT_CONVERSION = YES_AGGRESSIVE;
				CLANG_CXX_LANGUAGE_STANDARD = "gnu++14";
				CLANG_CXX_LIBRARY = "libc++";
				CLANG_ENABLE_MODULES = YES;
				CLANG_ENABLE_OBJC_ARC = YES;
				CLANG_ENABLE_OBJC_WEAK = YES;
				CLANG_WARN_BLOCK_CAPTURE_AUTORELEASING = YES;
				CLANG_WARN_BOOL_CONVERSION = YES;
				CLANG_WARN_COMMA = YES;
				CLANG_WARN_CONSTANT_CONVERSION = YES;
				CLANG_WARN_DEPRECATED_OBJC_IMPLEMENTATIONS = YES;
				CLANG_WARN_DIRECT_OBJC_ISA_USAGE = YES_ERROR;
				CLANG_WARN_DOCUMENTATION_COMMENTS = YES;
				CLANG_WARN_EMPTY_BODY = YES;
				CLANG_WARN_ENUM_CONVERSION = YES;
				CLANG_WARN_INFINITE_RECURSION = YES;
				CLANG_WARN_INT_CONVERSION = YES;
				CLANG_WARN_NON_LITERAL_NULL_CONVERSION = YES;
				CLANG_WARN_OBJC_IMPLICIT_RETAIN_SELF = YES;
				CLANG_WARN_OBJC_LITERAL_CONVERSION = YES;
				CLANG_WARN_OBJC_ROOT_CLASS = YES_ERROR;
				CLANG_WARN_RANGE_LOOP_ANALYSIS = YES;
				CLANG_WARN_STRICT_PROTOTYPES = YES;
				CLANG_WARN_SUSPICIOUS_MOVE = YES;
				CLANG_WARN_UNGUARDED_AVAILABILITY = YES_AGGRESSIVE;
				CLANG_WARN_UNREACHABLE_CODE = YES;
				CLANG_WARN__DUPLICATE_METHOD_MATCH = YES;
				CODE_SIGN_IDENTITY = "iPhone Developer";
				COPY_PHASE_STRIP = NO;
				DEBUG_INFORMATION_FORMAT = dwarf;
				ENABLE_STRICT_OBJC_MSGSEND = YES;
				ENABLE_TESTABILITY = YES;
				GCC_C_LANGUAGE_STANDARD = gnu11;
				GCC_DYNAMIC_NO_PIC = NO;
				GCC_NO_COMMON_BLOCKS = YES;
				GCC_OPTIMIZATION_LEVEL = 0;
				GCC_PREPROCESSOR_DEFINITIONS = (
					"DEBUG=1",
					"$(inherited)",
				);
				GCC_WARN_64_TO_32_BIT_CONVERSION = YES;
				GCC_WARN_ABOUT_RETURN_TYPE = YES_ERROR;
				GCC_WARN_UNDECLARED_SELECTOR = YES;
				GCC_WARN_UNINITIALIZED_AUTOS = YES_AGGRESSIVE;
				GCC_WARN_UNUSED_FUNCTION = YES;
				GCC_WARN_UNUSED_VARIABLE = YES;
				IPHONEOS_DEPLOYMENT_TARGET = 12.1;
				MTL_ENABLE_DEBUG_INFO = INCLUDE_SOURCE;
				MTL_FAST_MATH = YES;
				ONLY_ACTIVE_ARCH = YES;
				SDKROOT = iphoneos;
			};
			name = Debug;
		};
		3BF580E5224BB975002072AF /* Release */ = {
			isa = XCBuildConfiguration;
			buildSettings = {
				ALWAYS_SEARCH_USER_PATHS = NO;
				CLANG_ANALYZER_NONNULL = YES;
				CLANG_ANALYZER_NUMBER_OBJECT_CONVERSION = YES_AGGRESSIVE;
				CLANG_CXX_LANGUAGE_STANDARD = "gnu++14";
				CLANG_CXX_LIBRARY = "libc++";
				CLANG_ENABLE_MODULES = YES;
				CLANG_ENABLE_OBJC_ARC = YES;
				CLANG_ENABLE_OBJC_WEAK = YES;
				CLANG_WARN_BLOCK_CAPTURE_AUTORELEASING = YES;
				CLANG_WARN_BOOL_CONVERSION = YES;
				CLANG_WARN_COMMA = YES;
				CLANG_WARN_CONSTANT_CONVERSION = YES;
				CLANG_WARN_DEPRECATED_OBJC_IMPLEMENTATIONS = YES;
				CLANG_WARN_DIRECT_OBJC_ISA_USAGE = YES_ERROR;
				CLANG_WARN_DOCUMENTATION_COMMENTS = YES;
				CLANG_WARN_EMPTY_BODY = YES;
				CLANG_WARN_ENUM_CONVERSION = YES;
				CLANG_WARN_INFINITE_RECURSION = YES;
				CLANG_WARN_INT_CONVERSION = YES;
				CLANG_WARN_NON_LITERAL_NULL_CONVERSION = YES;
				CLANG_WARN_OBJC_IMPLICIT_RETAIN_SELF = YES;
				CLANG_WARN_OBJC_LITERAL_CONVERSION = YES;
				CLANG_WARN_OBJC_ROOT_CLASS = YES_ERROR;
				CLANG_WARN_RANGE_LOOP_ANALYSIS = YES;
				CLANG_WARN_STRICT_PROTOTYPES = YES;
				CLANG_WARN_SUSPICIOUS_MOVE = YES;
				CLANG_WARN_UNGUARDED_AVAILABILITY = YES_AGGRESSIVE;
				CLANG_WARN_UNREACHABLE_CODE = YES;
				CLANG_WARN__DUPLICATE_METHOD_MATCH = YES;
				CODE_SIGN_IDENTITY = "iPhone Developer";
				COPY_PHASE_STRIP = NO;
				DEBUG_INFORMATION_FORMAT = "dwarf-with-dsym";
				ENABLE_NS_ASSERTIONS = NO;
				ENABLE_STRICT_OBJC_MSGSEND = YES;
				GCC_C_LANGUAGE_STANDARD = gnu11;
				GCC_NO_COMMON_BLOCKS = YES;
				GCC_WARN_64_TO_32_BIT_CONVERSION = YES;
				GCC_WARN_ABOUT_RETURN_TYPE = YES_ERROR;
				GCC_WARN_UNDECLARED_SELECTOR = YES;
				GCC_WARN_UNINITIALIZED_AUTOS = YES_AGGRESSIVE;
				GCC_WARN_UNUSED_FUNCTION = YES;
				GCC_WARN_UNUSED_VARIABLE = YES;
				IPHONEOS_DEPLOYMENT_TARGET = 12.1;
				MTL_ENABLE_DEBUG_INFO = NO;
				MTL_FAST_MATH = YES;
				SDKROOT = iphoneos;
				VALIDATE_PRODUCT = YES;
			};
			name = Release;
		};
		3BF580E7224BB975002072AF /* Debug */ = {
			isa = XCBuildConfiguration;
			buildSettings = {
				ASSETCATALOG_COMPILER_APPICON_NAME = AppIcon;
				CLANG_ENABLE_MODULES = YES;
				CODE_SIGN_STYLE = Automatic;
				INFOPLIST_FILE = LQOCFoundation/Info.plist;
				LD_RUNPATH_SEARCH_PATHS = (
					"$(inherited)",
					"@executable_path/Frameworks",
				);
				PRODUCT_BUNDLE_IDENTIFIER = com.learn.LQOCFoundation;
				PRODUCT_NAME = "$(TARGET_NAME)";
				SWIFT_OBJC_BRIDGING_HEADER = "";
				SWIFT_OPTIMIZATION_LEVEL = "-Onone";
				SWIFT_VERSION = 5.0;
				TARGETED_DEVICE_FAMILY = "1,2";
			};
			name = Debug;
		};
		3BF580E8224BB975002072AF /* Release */ = {
			isa = XCBuildConfiguration;
			buildSettings = {
				ASSETCATALOG_COMPILER_APPICON_NAME = AppIcon;
				CLANG_ENABLE_MODULES = YES;
				CODE_SIGN_STYLE = Automatic;
				INFOPLIST_FILE = LQOCFoundation/Info.plist;
				LD_RUNPATH_SEARCH_PATHS = (
					"$(inherited)",
					"@executable_path/Frameworks",
				);
				PRODUCT_BUNDLE_IDENTIFIER = com.learn.LQOCFoundation;
				PRODUCT_NAME = "$(TARGET_NAME)";
				SWIFT_OBJC_BRIDGING_HEADER = "";
				SWIFT_VERSION = 5.0;
				TARGETED_DEVICE_FAMILY = "1,2";
			};
			name = Release;
		};
		3BF580EA224BB975002072AF /* Debug */ = {
			isa = XCBuildConfiguration;
			buildSettings = {
				BUNDLE_LOADER = "$(TEST_HOST)";
				CODE_SIGN_STYLE = Automatic;
				INFOPLIST_FILE = LQOCFoundationTests/Info.plist;
				LD_RUNPATH_SEARCH_PATHS = (
					"$(inherited)",
					"@executable_path/Frameworks",
					"@loader_path/Frameworks",
				);
				PRODUCT_BUNDLE_IDENTIFIER = com.learn.LQOCFoundationTests;
				PRODUCT_NAME = "$(TARGET_NAME)";
				TARGETED_DEVICE_FAMILY = "1,2";
				TEST_HOST = "$(BUILT_PRODUCTS_DIR)/LQOCFoundation.app/LQOCFoundation";
			};
			name = Debug;
		};
		3BF580EB224BB975002072AF /* Release */ = {
			isa = XCBuildConfiguration;
			buildSettings = {
				BUNDLE_LOADER = "$(TEST_HOST)";
				CODE_SIGN_STYLE = Automatic;
				INFOPLIST_FILE = LQOCFoundationTests/Info.plist;
				LD_RUNPATH_SEARCH_PATHS = (
					"$(inherited)",
					"@executable_path/Frameworks",
					"@loader_path/Frameworks",
				);
				PRODUCT_BUNDLE_IDENTIFIER = com.learn.LQOCFoundationTests;
				PRODUCT_NAME = "$(TARGET_NAME)";
				TARGETED_DEVICE_FAMILY = "1,2";
				TEST_HOST = "$(BUILT_PRODUCTS_DIR)/LQOCFoundation.app/LQOCFoundation";
			};
			name = Release;
		};
/* End XCBuildConfiguration section */

/* Begin XCConfigurationList section */
		3BF580C0224BB974002072AF /* Build configuration list for PBXProject "LQOCFoundation" */ = {
			isa = XCConfigurationList;
			buildConfigurations = (
				3BF580E4224BB975002072AF /* Debug */,
				3BF580E5224BB975002072AF /* Release */,
			);
			defaultConfigurationIsVisible = 0;
			defaultConfigurationName = Release;
		};
		3BF580E6224BB975002072AF /* Build configuration list for PBXNativeTarget "LQOCFoundation" */ = {
			isa = XCConfigurationList;
			buildConfigurations = (
				3BF580E7224BB975002072AF /* Debug */,
				3BF580E8224BB975002072AF /* Release */,
			);
			defaultConfigurationIsVisible = 0;
			defaultConfigurationName = Release;
		};
		3BF580E9224BB975002072AF /* Build configuration list for PBXNativeTarget "LQOCFoundationTests" */ = {
			isa = XCConfigurationList;
			buildConfigurations = (
				3BF580EA224BB975002072AF /* Debug */,
				3BF580EB224BB975002072AF /* Release */,
			);
			defaultConfigurationIsVisible = 0;
			defaultConfigurationName = Release;
		};
/* End XCConfigurationList section */
	};
	rootObject = 3BF580BD224BB974002072AF /* Project object */;
}
